{
  "lockVersion": 1,
  "packages": {
    "evg": {
      "git": "https://github.com/terotests/evg.git",
      "rev": "192339e587986ca81aeba857255216af9df60842",
      "subdir": "storm",
      "sha256": "3d836b4921f849f670a5fc99b0297d90d411c01be57ddfed4c7cdc669a05cf34"
    },
    "image": {
      "git": "https://github.com/terotests/evg.git",
      "rev": "192339e587986ca81aeba857255216af9df60842",
      "subdir": "image",
      "sha256": "ab9804949d5564dc802d6f236fff9f701519213add55d2b03b217ee50d369076"
    },
    "zip": {
      "git": "https://github.com/terotests/evg.git",
      "rev": "192339e587986ca81aeba857255216af9df60842",
      "subdir": "zip",
      "sha256": "c9a617acbc94bddbc56eac40ed9947815f1398eb0890fd2932f5d1b5e810a625"
    }
  }
}
